// !$*UTF8*$!
{
	archiveVersion = 1;
	classes = {
	};
	objectVersion = 51;
	objects = {

/* Begin PBXBuildFile section */
		066177B5E3EF9A228739B4DA /* Pods_The_Ultimate_Roader.framework in Frameworks */ = {isa = PBXBuildFile; fileRef = BBE0A8549D64283B2CA3EFD2 /* Pods_The_Ultimate_Roader.framework */; };
		EE8101FA22E7576800CC9A97 /* AppDelegate.swift in Sources */ = {isa = PBXBuildFile; fileRef = EE8101F922E7576800CC9A97 /* AppDelegate.swift */; };
		EE8101FC22E7576800CC9A97 /* LoginViewController.swift in Sources */ = {isa = PBXBuildFile; fileRef = EE8101FB22E7576800CC9A97 /* LoginViewController.swift */; };
		EE8101FF22E7576800CC9A97 /* Login.storyboard in Resources */ = {isa = PBXBuildFile; fileRef = EE8101FD22E7576800CC9A97 /* Login.storyboard */; };
		EE81020122E7576B00CC9A97 /* Assets.xcassets in Resources */ = {isa = PBXBuildFile; fileRef = EE81020022E7576B00CC9A97 /* Assets.xcassets */; };
		EE81020422E7576B00CC9A97 /* LaunchScreen.storyboard in Resources */ = {isa = PBXBuildFile; fileRef = EE81020222E7576B00CC9A97 /* LaunchScreen.storyboard */; };
		EE81020C22E758E800CC9A97 /* Constants.swift in Sources */ = {isa = PBXBuildFile; fileRef = EE81020B22E758E800CC9A97 /* Constants.swift */; };
		EE81021922E75B2900CC9A97 /* Home.storyboard in Resources */ = {isa = PBXBuildFile; fileRef = EE81021822E75B2900CC9A97 /* Home.storyboard */; };
		EEE2B5B922E75DC400652A62 /* HomeViewController.swift in Sources */ = {isa = PBXBuildFile; fileRef = EEE2B5B822E75DC400652A62 /* HomeViewController.swift */; };
		EEE2B5BB22E75E7700652A62 /* UIViewController+Util.swift in Sources */ = {isa = PBXBuildFile; fileRef = EEE2B5BA22E75E7700652A62 /* UIViewController+Util.swift */; };
		EEE2B5BD22E7740B00652A62 /* Theme.swift in Sources */ = {isa = PBXBuildFile; fileRef = EEE2B5BC22E7740B00652A62 /* Theme.swift */; };
/* End PBXBuildFile section */

/* Begin PBXFileReference section */
		BBE0A8549D64283B2CA3EFD2 /* Pods_The_Ultimate_Roader.framework */ = {isa = PBXFileReference; explicitFileType = wrapper.framework; includeInIndex = 0; path = Pods_The_Ultimate_Roader.framework; sourceTree = BUILT_PRODUCTS_DIR; };
		D01827E66C32BA3EF134CBFA /* Pods-The Ultimate Roader.release.xcconfig */ = {isa = PBXFileReference; includeInIndex = 1; lastKnownFileType = text.xcconfig; name = "Pods-The Ultimate Roader.release.xcconfig"; path = "Target Support Files/Pods-The Ultimate Roader/Pods-The Ultimate Roader.release.xcconfig"; sourceTree = "<group>"; };
		DD61587BA7A9A1B05BA45962 /* Pods-The Ultimate Roader.debug.xcconfig */ = {isa = PBXFileReference; includeInIndex = 1; lastKnownFileType = text.xcconfig; name = "Pods-The Ultimate Roader.debug.xcconfig"; path = "Target Support Files/Pods-The Ultimate Roader/Pods-The Ultimate Roader.debug.xcconfig"; sourceTree = "<group>"; };
		EE8101F622E7576800CC9A97 /* The Ultimate Roader.app */ = {isa = PBXFileReference; explicitFileType = wrapper.application; includeInIndex = 0; path = "The Ultimate Roader.app"; sourceTree = BUILT_PRODUCTS_DIR; };
		EE8101F922E7576800CC9A97 /* AppDelegate.swift */ = {isa = PBXFileReference; lastKnownFileType = sourcecode.swift; path = AppDelegate.swift; sourceTree = "<group>"; };
		EE8101FB22E7576800CC9A97 /* LoginViewController.swift */ = {isa = PBXFileReference; lastKnownFileType = sourcecode.swift; path = LoginViewController.swift; sourceTree = "<group>"; };
		EE8101FE22E7576800CC9A97 /* Base */ = {isa = PBXFileReference; lastKnownFileType = file.storyboard; name = Base; path = Base.lproj/Login.storyboard; sourceTree = "<group>"; };
		EE81020022E7576B00CC9A97 /* Assets.xcassets */ = {isa = PBXFileReference; lastKnownFileType = folder.assetcatalog; path = Assets.xcassets; sourceTree = "<group>"; };
		EE81020322E7576B00CC9A97 /* Base */ = {isa = PBXFileReference; lastKnownFileType = file.storyboard; name = Base; path = Base.lproj/LaunchScreen.storyboard; sourceTree = "<group>"; };
		EE81020522E7576B00CC9A97 /* Info.plist */ = {isa = PBXFileReference; lastKnownFileType = text.plist.xml; path = Info.plist; sourceTree = "<group>"; };
		EE81020B22E758E800CC9A97 /* Constants.swift */ = {isa = PBXFileReference; lastKnownFileType = sourcecode.swift; name = Constants.swift; path = "../../../../../System/Volumes/Data/Users/harshit/Desktop/The Ultimate Roader/The Ultimate Roader/Constants.swift"; sourceTree = "<group>"; };
		EE81021622E75B0800CC9A97 /* Constants.swift */ = {isa = PBXFileReference; lastKnownFileType = sourcecode.swift; path = Constants.swift; sourceTree = "<group>"; };
		EE81021822E75B2900CC9A97 /* Home.storyboard */ = {isa = PBXFileReference; lastKnownFileType = file.storyboard; name = Home.storyboard; path = "../../../../../../../System/Volumes/Data/Users/harshit/Desktop/The Ultimate Roader/The Ultimate Roader/Storyboards/Home/Home.storyboard"; sourceTree = "<group>"; };
		EEE2B5B822E75DC400652A62 /* HomeViewController.swift */ = {isa = PBXFileReference; lastKnownFileType = sourcecode.swift; name = HomeViewController.swift; path = "../../../../../../../System/Volumes/Data/Users/harshit/Desktop/The Ultimate Roader/The Ultimate Roader/ViewControllers/Home/HomeViewController.swift"; sourceTree = "<group>"; };
		EEE2B5BA22E75E7700652A62 /* UIViewController+Util.swift */ = {isa = PBXFileReference; lastKnownFileType = sourcecode.swift; name = "UIViewController+Util.swift"; path = "../../../../../../System/Volumes/Data/Users/harshit/Desktop/The Ultimate Roader/The Ultimate Roader/Helpers/UIViewController+Util.swift"; sourceTree = "<group>"; };
		EEE2B5BC22E7740B00652A62 /* Theme.swift */ = {isa = PBXFileReference; lastKnownFileType = sourcecode.swift; name = Theme.swift; path = "../../../../../../System/Volumes/Data/Users/harshit/Desktop/The Ultimate Roader/The Ultimate Roader/Helpers/Theme.swift"; sourceTree = "<group>"; };
/* End PBXFileReference section */

/* Begin PBXFrameworksBuildPhase section */
		EE8101F322E7576800CC9A97 /* Frameworks */ = {
			isa = PBXFrameworksBuildPhase;
			buildActionMask = 2147483647;
			files = (
				066177B5E3EF9A228739B4DA /* Pods_The_Ultimate_Roader.framework in Frameworks */,
			);
			runOnlyForDeploymentPostprocessing = 0;
		};
/* End PBXFrameworksBuildPhase section */

/* Begin PBXGroup section */
		6C54EEEBD10DE177A79C9477 /* Frameworks */ = {
			isa = PBXGroup;
			children = (
				BBE0A8549D64283B2CA3EFD2 /* Pods_The_Ultimate_Roader.framework */,
			);
			name = Frameworks;
			sourceTree = "<group>";
		};
		DA455B3FB8BC19966BE8D174 /* Pods */ = {
			isa = PBXGroup;
			children = (
				DD61587BA7A9A1B05BA45962 /* Pods-The Ultimate Roader.debug.xcconfig */,
				D01827E66C32BA3EF134CBFA /* Pods-The Ultimate Roader.release.xcconfig */,
			);
			path = Pods;
			sourceTree = "<group>";
		};
		EE8101ED22E7576800CC9A97 = {
			isa = PBXGroup;
			children = (
				EE8101F822E7576800CC9A97 /* The Ultimate Roader */,
				EE8101F722E7576800CC9A97 /* Products */,
				DA455B3FB8BC19966BE8D174 /* Pods */,
				6C54EEEBD10DE177A79C9477 /* Frameworks */,
			);
			sourceTree = "<group>";
		};
		EE8101F722E7576800CC9A97 /* Products */ = {
			isa = PBXGroup;
			children = (
				EE8101F622E7576800CC9A97 /* The Ultimate Roader.app */,
			);
			name = Products;
			sourceTree = "<group>";
		};
		EE8101F822E7576800CC9A97 /* The Ultimate Roader */ = {
			isa = PBXGroup;
			children = (
				EE81021522E75B0300CC9A97 /* Helpers */,
				EE81021422E75AFB00CC9A97 /* Models */,
				EE81021322E75AF500CC9A97 /* Services */,
				EE81021022E75AD200CC9A97 /* Views */,
				EE81020F22E75ACB00CC9A97 /* ViewModels */,
				EE81020E22E75AC400CC9A97 /* ViewControllers */,
				EE81020D22E75ABA00CC9A97 /* Storyboards */,
				EE8101F922E7576800CC9A97 /* AppDelegate.swift */,
				EE81020B22E758E800CC9A97 /* Constants.swift */,
				EE81020022E7576B00CC9A97 /* Assets.xcassets */,
				EE81020222E7576B00CC9A97 /* LaunchScreen.storyboard */,
				EE81020522E7576B00CC9A97 /* Info.plist */,
			);
			path = "The Ultimate Roader";
			sourceTree = "<group>";
		};
		EE81020D22E75ABA00CC9A97 /* Storyboards */ = {
			isa = PBXGroup;
			children = (
				EE81021722E75B1900CC9A97 /* Home */,
				EE81021122E75AD900CC9A97 /* Login */,
			);
			path = Storyboards;
			sourceTree = "<group>";
		};
		EE81020E22E75AC400CC9A97 /* ViewControllers */ = {
			isa = PBXGroup;
			children = (
				EE81021A22E75B4100CC9A97 /* Home */,
				EE81021222E75AE100CC9A97 /* Login */,
			);
			path = ViewControllers;
			sourceTree = "<group>";
		};
		EE81020F22E75ACB00CC9A97 /* ViewModels */ = {
			isa = PBXGroup;
			children = (
			);
			path = ViewModels;
			sourceTree = "<group>";
		};
		EE81021022E75AD200CC9A97 /* Views */ = {
			isa = PBXGroup;
			children = (
			);
			path = Views;
			sourceTree = "<group>";
		};
		EE81021122E75AD900CC9A97 /* Login */ = {
			isa = PBXGroup;
			children = (
				EE8101FD22E7576800CC9A97 /* Login.storyboard */,
			);
			path = Login;
			sourceTree = "<group>";
		};
		EE81021222E75AE100CC9A97 /* Login */ = {
			isa = PBXGroup;
			children = (
				EE8101FB22E7576800CC9A97 /* LoginViewController.swift */,
			);
			path = Login;
			sourceTree = "<group>";
		};
		EE81021322E75AF500CC9A97 /* Services */ = {
			isa = PBXGroup;
			children = (
			);
			path = Services;
			sourceTree = "<group>";
		};
		EE81021422E75AFB00CC9A97 /* Models */ = {
			isa = PBXGroup;
			children = (
			);
			path = Models;
			sourceTree = "<group>";
		};
		EE81021522E75B0300CC9A97 /* Helpers */ = {
			isa = PBXGroup;
			children = (
				EE81021622E75B0800CC9A97 /* Constants.swift */,
				EEE2B5BA22E75E7700652A62 /* UIViewController+Util.swift */,
				EEE2B5BC22E7740B00652A62 /* Theme.swift */,
			);
			path = Helpers;
			sourceTree = "<group>";
		};
		EE81021722E75B1900CC9A97 /* Home */ = {
			isa = PBXGroup;
			children = (
				EE81021822E75B2900CC9A97 /* Home.storyboard */,
			);
			path = Home;
			sourceTree = "<group>";
		};
		EE81021A22E75B4100CC9A97 /* Home */ = {
			isa = PBXGroup;
			children = (
				EEE2B5B822E75DC400652A62 /* HomeViewController.swift */,
			);
			path = Home;
			sourceTree = "<group>";
		};
/* End PBXGroup section */

/* Begin PBXNativeTarget section */
		EE8101F522E7576800CC9A97 /* The Ultimate Roader */ = {
			isa = PBXNativeTarget;
			buildConfigurationList = EE81020822E7576B00CC9A97 /* Build configuration list for PBXNativeTarget "The Ultimate Roader" */;
			buildPhases = (
				5AB1C341172C1AF32AD84DFF /* [CP] Check Pods Manifest.lock */,
				EE8101F222E7576800CC9A97 /* Sources */,
				EE8101F322E7576800CC9A97 /* Frameworks */,
				EE8101F422E7576800CC9A97 /* Resources */,
				037FC6D26127E20F0053CE46 /* [CP] Embed Pods Frameworks */,
				5DBCBBB9D79A9F4920DD6B59 /* [CP] Copy Pods Resources */,
			);
			buildRules = (
			);
			dependencies = (
			);
			name = "The Ultimate Roader";
			productName = "The Ultimate Roader";
			productReference = EE8101F622E7576800CC9A97 /* The Ultimate Roader.app */;
			productType = "com.apple.product-type.application";
		};
/* End PBXNativeTarget section */

/* Begin PBXProject section */
		EE8101EE22E7576800CC9A97 /* Project object */ = {
			isa = PBXProject;
			attributes = {
				LastSwiftUpdateCheck = 1030;
				LastUpgradeCheck = 1030;
				ORGANIZATIONNAME = "Harshit Singh";
				TargetAttributes = {
					EE8101F522E7576800CC9A97 = {
						CreatedOnToolsVersion = 10.3;
					};
				};
			};
			buildConfigurationList = EE8101F122E7576800CC9A97 /* Build configuration list for PBXProject "The Ultimate Roader" */;
			compatibilityVersion = "Xcode 9.3";
			developmentRegion = en;
			hasScannedForEncodings = 0;
			knownRegions = (
				en,
				Base,
			);
			mainGroup = EE8101ED22E7576800CC9A97;
			productRefGroup = EE8101F722E7576800CC9A97 /* Products */;
			projectDirPath = "";
			projectRoot = "";
			targets = (
				EE8101F522E7576800CC9A97 /* The Ultimate Roader */,
			);
		};
/* End PBXProject section */

/* Begin PBXResourcesBuildPhase section */
		EE8101F422E7576800CC9A97 /* Resources */ = {
			isa = PBXResourcesBuildPhase;
			buildActionMask = 2147483647;
			files = (
				EE81020422E7576B00CC9A97 /* LaunchScreen.storyboard in Resources */,
				EE81020122E7576B00CC9A97 /* Assets.xcassets in Resources */,
				EE8101FF22E7576800CC9A97 /* Login.storyboard in Resources */,
				EE81021922E75B2900CC9A97 /* Home.storyboard in Resources */,
			);
			runOnlyForDeploymentPostprocessing = 0;
		};
/* End PBXResourcesBuildPhase section */

/* Begin PBXShellScriptBuildPhase section */
		037FC6D26127E20F0053CE46 /* [CP] Embed Pods Frameworks */ = {
			isa = PBXShellScriptBuildPhase;
			buildActionMask = 2147483647;
			files = (
			);
			inputFileListPaths = (
				"${PODS_ROOT}/Target Support Files/Pods-The Ultimate Roader/Pods-The Ultimate Roader-frameworks-${CONFIGURATION}-input-files.xcfilelist",
			);
			name = "[CP] Embed Pods Frameworks";
			outputFileListPaths = (
				"${PODS_ROOT}/Target Support Files/Pods-The Ultimate Roader/Pods-The Ultimate Roader-frameworks-${CONFIGURATION}-output-files.xcfilelist",
			);
			runOnlyForDeploymentPostprocessing = 0;
			shellPath = /bin/sh;
			shellScript = "\"${PODS_ROOT}/Target Support Files/Pods-The Ultimate Roader/Pods-The Ultimate Roader-frameworks.sh\"\n";
			showEnvVarsInLog = 0;
		};
		5AB1C341172C1AF32AD84DFF /* [CP] Check Pods Manifest.lock */ = {
			isa = PBXShellScriptBuildPhase;
			buildActionMask = 2147483647;
			files = (
			);
			inputFileListPaths = (
			);
			inputPaths = (
				"${PODS_PODFILE_DIR_PATH}/Podfile.lock",
				"${PODS_ROOT}/Manifest.lock",
			);
			name = "[CP] Check Pods Manifest.lock";
			outputFileListPaths = (
			);
			outputPaths = (
				"$(DERIVED_FILE_DIR)/Pods-The Ultimate Roader-checkManifestLockResult.txt",
			);
			runOnlyForDeploymentPostprocessing = 0;
			shellPath = /bin/sh;
			shellScript = "diff \"${PODS_PODFILE_DIR_PATH}/Podfile.lock\" \"${PODS_ROOT}/Manifest.lock\" > /dev/null\nif [ $? != 0 ] ; then\n    # print error to STDERR\n    echo \"error: The sandbox is not in sync with the Podfile.lock. Run 'pod install' or update your CocoaPods installation.\" >&2\n    exit 1\nfi\n# This output is used by Xcode 'outputs' to avoid re-running this script phase.\necho \"SUCCESS\" > \"${SCRIPT_OUTPUT_FILE_0}\"\n";
			showEnvVarsInLog = 0;
		};
		5DBCBBB9D79A9F4920DD6B59 /* [CP] Copy Pods Resources */ = {
			isa = PBXShellScriptBuildPhase;
			buildActionMask = 2147483647;
			files = (
			);
			inputFileListPaths = (
				"${PODS_ROOT}/Target Support Files/Pods-The Ultimate Roader/Pods-The Ultimate Roader-resources-${CONFIGURATION}-input-files.xcfilelist",
			);
			name = "[CP] Copy Pods Resources";
			outputFileListPaths = (
				"${PODS_ROOT}/Target Support Files/Pods-The Ultimate Roader/Pods-The Ultimate Roader-resources-${CONFIGURATION}-output-files.xcfilelist",
			);
			runOnlyForDeploymentPostprocessing = 0;
			shellPath = /bin/sh;
			shellScript = "\"${PODS_ROOT}/Target Support Files/Pods-The Ultimate Roader/Pods-The Ultimate Roader-resources.sh\"\n";
			showEnvVarsInLog = 0;
		};
/* End PBXShellScriptBuildPhase section */

/* Begin PBXSourcesBuildPhase section */
		EE8101F222E7576800CC9A97 /* Sources */ = {
			isa = PBXSourcesBuildPhase;
			buildActionMask = 2147483647;
			files = (
				EEE2B5BB22E75E7700652A62 /* UIViewController+Util.swift in Sources */,
				EE8101FC22E7576800CC9A97 /* LoginViewController.swift in Sources */,
				EE8101FA22E7576800CC9A97 /* AppDelegate.swift in Sources */,
				EEE2B5BD22E7740B00652A62 /* Theme.swift in Sources */,
				EE81020C22E758E800CC9A97 /* Constants.swift in Sources */,
				EEE2B5B922E75DC400652A62 /* HomeViewController.swift in Sources */,
			);
			runOnlyForDeploymentPostprocessing = 0;
		};
/* End PBXSourcesBuildPhase section */

/* Begin PBXVariantGroup section */
		EE8101FD22E7576800CC9A97 /* Login.storyboard */ = {
			isa = PBXVariantGroup;
			children = (
				EE8101FE22E7576800CC9A97 /* Base */,
			);
			name = Login.storyboard;
			sourceTree = "<group>";
		};
		EE81020222E7576B00CC9A97 /* LaunchScreen.storyboard */ = {
			isa = PBXVariantGroup;
			children = (
				EE81020322E7576B00CC9A97 /* Base */,
			);
			name = LaunchScreen.storyboard;
			sourceTree = "<group>";
		};
/* End PBXVariantGroup section */

/* Begin XCBuildConfiguration section */
		EE81020622E7576B00CC9A97 /* Debug */ = {
			isa = XCBuildConfiguration;
			buildSettings = {
				ALWAYS_SEARCH_USER_PATHS = NO;
				CLANG_ANALYZER_NONNULL = YES;
				CLANG_ANALYZER_NUMBER_OBJECT_CONVERSION = YES_AGGRESSIVE;
				CLANG_CXX_LANGUAGE_STANDARD = "gnu++14";
				CLANG_CXX_LIBRARY = "libc++";
				CLANG_ENABLE_MODULES = YES;
				CLANG_ENABLE_OBJC_ARC = YES;
				CLANG_ENABLE_OBJC_WEAK = YES;
				CLANG_WARN_BLOCK_CAPTURE_AUTORELEASING = YES;
				CLANG_WARN_BOOL_CONVERSION = YES;
				CLANG_WARN_COMMA = YES;
				CLANG_WARN_CONSTANT_CONVERSION = YES;
				CLANG_WARN_DEPRECATED_OBJC_IMPLEMENTATIONS = YES;
				CLANG_WARN_DIRECT_OBJC_ISA_USAGE = YES_ERROR;
				CLANG_WARN_DOCUMENTATION_COMMENTS = YES;
				CLANG_WARN_EMPTY_BODY = YES;
				CLANG_WARN_ENUM_CONVERSION = YES;
				CLANG_WARN_INFINITE_RECURSION = YES;
				CLANG_WARN_INT_CONVERSION = YES;
				CLANG_WARN_NON_LITERAL_NULL_CONVERSION = YES;
				CLANG_WARN_OBJC_IMPLICIT_RETAIN_SELF = YES;
				CLANG_WARN_OBJC_LITERAL_CONVERSION = YES;
				CLANG_WARN_OBJC_ROOT_CLASS = YES_ERROR;
				CLANG_WARN_RANGE_LOOP_ANALYSIS = YES;
				CLANG_WARN_STRICT_PROTOTYPES = YES;
				CLANG_WARN_SUSPICIOUS_MOVE = YES;
				CLANG_WARN_UNGUARDED_AVAILABILITY = YES_AGGRESSIVE;
				CLANG_WARN_UNREACHABLE_CODE = YES;
				CLANG_WARN__DUPLICATE_METHOD_MATCH = YES;
				CODE_SIGN_IDENTITY = "iPhone Developer";
				COPY_PHASE_STRIP = NO;
				DEBUG_INFORMATION_FORMAT = dwarf;
				ENABLE_STRICT_OBJC_MSGSEND = YES;
				ENABLE_TESTABILITY = YES;
				GCC_C_LANGUAGE_STANDARD = gnu11;
				GCC_DYNAMIC_NO_PIC = NO;
				GCC_NO_COMMON_BLOCKS = YES;
				GCC_OPTIMIZATION_LEVEL = 0;
				GCC_PREPROCESSOR_DEFINITIONS = (
					"DEBUG=1",
					"$(inherited)",
				);
				GCC_WARN_64_TO_32_BIT_CONVERSION = YES;
				GCC_WARN_ABOUT_RETURN_TYPE = YES_ERROR;
				GCC_WARN_UNDECLARED_SELECTOR = YES;
				GCC_WARN_UNINITIALIZED_AUTOS = YES_AGGRESSIVE;
				GCC_WARN_UNUSED_FUNCTION = YES;
				GCC_WARN_UNUSED_VARIABLE = YES;
				IPHONEOS_DEPLOYMENT_TARGET = 12.4;
				MTL_ENABLE_DEBUG_INFO = INCLUDE_SOURCE;
				MTL_FAST_MATH = YES;
				ONLY_ACTIVE_ARCH = YES;
				SDKROOT = iphoneos;
				SWIFT_ACTIVE_COMPILATION_CONDITIONS = DEBUG;
				SWIFT_OPTIMIZATION_LEVEL = "-Onone";
			};
			name = Debug;
		};
		EE81020722E7576B00CC9A97 /* Release */ = {
			isa = XCBuildConfiguration;
			buildSettings = {
				ALWAYS_SEARCH_USER_PATHS = NO;
				CLANG_ANALYZER_NONNULL = YES;
				CLANG_ANALYZER_NUMBER_OBJECT_CONVERSION = YES_AGGRESSIVE;
				CLANG_CXX_LANGUAGE_STANDARD = "gnu++14";
				CLANG_CXX_LIBRARY = "libc++";
				CLANG_ENABLE_MODULES = YES;
				CLANG_ENABLE_OBJC_ARC = YES;
				CLANG_ENABLE_OBJC_WEAK = YES;
				CLANG_WARN_BLOCK_CAPTURE_AUTORELEASING = YES;
				CLANG_WARN_BOOL_CONVERSION = YES;
				CLANG_WARN_COMMA = YES;
				CLANG_WARN_CONSTANT_CONVERSION = YES;
				CLANG_WARN_DEPRECATED_OBJC_IMPLEMENTATIONS = YES;
				CLANG_WARN_DIRECT_OBJC_ISA_USAGE = YES_ERROR;
				CLANG_WARN_DOCUMENTATION_COMMENTS = YES;
				CLANG_WARN_EMPTY_BODY = YES;
				CLANG_WARN_ENUM_CONVERSION = YES;
				CLANG_WARN_INFINITE_RECURSION = YES;
				CLANG_WARN_INT_CONVERSION = YES;
				CLANG_WARN_NON_LITERAL_NULL_CONVERSION = YES;
				CLANG_WARN_OBJC_IMPLICIT_RETAIN_SELF = YES;
				CLANG_WARN_OBJC_LITERAL_CONVERSION = YES;
				CLANG_WARN_OBJC_ROOT_CLASS = YES_ERROR;
				CLANG_WARN_RANGE_LOOP_ANALYSIS = YES;
				CLANG_WARN_STRICT_PROTOTYPES = YES;
				CLANG_WARN_SUSPICIOUS_MOVE = YES;
				CLANG_WARN_UNGUARDED_AVAILABILITY = YES_AGGRESSIVE;
				CLANG_WARN_UNREACHABLE_CODE = YES;
				CLANG_WARN__DUPLICATE_METHOD_MATCH = YES;
				CODE_SIGN_IDENTITY = "iPhone Developer";
				COPY_PHASE_STRIP = NO;
				DEBUG_INFORMATION_FORMAT = "dwarf-with-dsym";
				ENABLE_NS_ASSERTIONS = NO;
				ENABLE_STRICT_OBJC_MSGSEND = YES;
				GCC_C_LANGUAGE_STANDARD = gnu11;
				GCC_NO_COMMON_BLOCKS = YES;
				GCC_WARN_64_TO_32_BIT_CONVERSION = YES;
				GCC_WARN_ABOUT_RETURN_TYPE = YES_ERROR;
				GCC_WARN_UNDECLARED_SELECTOR = YES;
				GCC_WARN_UNINITIALIZED_AUTOS = YES_AGGRESSIVE;
				GCC_WARN_UNUSED_FUNCTION = YES;
				GCC_WARN_UNUSED_VARIABLE = YES;
				IPHONEOS_DEPLOYMENT_TARGET = 12.4;
				MTL_ENABLE_DEBUG_INFO = NO;
				MTL_FAST_MATH = YES;
				SDKROOT = iphoneos;
				SWIFT_COMPILATION_MODE = wholemodule;
				SWIFT_OPTIMIZATION_LEVEL = "-O";
				VALIDATE_PRODUCT = YES;
			};
			name = Release;
		};
		EE81020922E7576B00CC9A97 /* Debug */ = {
			isa = XCBuildConfiguration;
			baseConfigurationReference = DD61587BA7A9A1B05BA45962 /* Pods-The Ultimate Roader.debug.xcconfig */;
			buildSettings = {
				ASSETCATALOG_COMPILER_APPICON_NAME = AppIcon;
				CODE_SIGN_STYLE = Automatic;
				DEVELOPMENT_TEAM = 8DT27W9UTB;
				INFOPLIST_FILE = "The Ultimate Roader/Info.plist";
				LD_RUNPATH_SEARCH_PATHS = (
					"$(inherited)",
					"@executable_path/Frameworks",
				);
				PRODUCT_BUNDLE_IDENTIFIER = "RJT.Firebase-Roader-Demo";
				PRODUCT_NAME = "$(TARGET_NAME)";
				SWIFT_VERSION = 5.0;
				TARGETED_DEVICE_FAMILY = "1,2";
			};
			name = Debug;
		};
		EE81020A22E7576B00CC9A97 /* Release */ = {
			isa = XCBuildConfiguration;
			baseConfigurationReference = D01827E66C32BA3EF134CBFA /* Pods-The Ultimate Roader.release.xcconfig */;
			buildSettings = {
				ASSETCATALOG_COMPILER_APPICON_NAME = AppIcon;
				CODE_SIGN_STYLE = Automatic;
				DEVELOPMENT_TEAM = 8DT27W9UTB;
				INFOPLIST_FILE = "The Ultimate Roader/Info.plist";
				LD_RUNPATH_SEARCH_PATHS = (
					"$(inherited)",
					"@executable_path/Frameworks",
				);
				PRODUCT_BUNDLE_IDENTIFIER = "RJT.Firebase-Roader-Demo";
				PRODUCT_NAME = "$(TARGET_NAME)";
				SWIFT_VERSION = 5.0;
				TARGETED_DEVICE_FAMILY = "1,2";
			};
			name = Release;
		};
/* End XCBuildConfiguration section */

/* Begin XCConfigurationList section */
		EE8101F122E7576800CC9A97 /* Build configuration list for PBXProject "The Ultimate Roader" */ = {
			isa = XCConfigurationList;
			buildConfigurations = (
				EE81020622E7576B00CC9A97 /* Debug */,
				EE81020722E7576B00CC9A97 /* Release */,
			);
			defaultConfigurationIsVisible = 0;
			defaultConfigurationName = Release;
		};
		EE81020822E7576B00CC9A97 /* Build configuration list for PBXNativeTarget "The Ultimate Roader" */ = {
			isa = XCConfigurationList;
			buildConfigurations = (
				EE81020922E7576B00CC9A97 /* Debug */,
				EE81020A22E7576B00CC9A97 /* Release */,
			);
			defaultConfigurationIsVisible = 0;
			defaultConfigurationName = Release;
		};
/* End XCConfigurationList section */
	};
	rootObject = EE8101EE22E7576800CC9A97 /* Project object */;
}
